
Microsoft Visual Studio Solution File, Format Version 12.00
# Visual Studio Version 16
VisualStudioVersion = 16.0.31005.135
MinimumVisualStudioVersion = 10.0.40219.1
Project("{FAE04EC0-301F-11D3-BF4B-00C04F79EFBC}") = "11022021", "11022021\11022021.csproj", "{B8308518-01F2-4F53-BB39-07585445E22C}"
EndProject
Global
	GlobalSection(SolutionConfigurationPlatforms) = preSolution
		Debug|Any CPU = Debug|Any CPU
		Release|Any CPU = Release|Any CPU
	EndGlobalSection
	GlobalSection(ProjectConfigurationPlatforms) = postSolution
		{B8308518-01F2-4F53-BB39-07585445E22C}.Debug|Any CPU.ActiveCfg = Debug|Any CPU
		{B8308518-01F2-4F53-BB39-07585445E22C}.Debug|Any CPU.Build.0 = Debug|Any CPU
		{B8308518-01F2-4F53-BB39-07585445E22C}.Release|Any CPU.ActiveCfg = Release|Any CPU
		{B8308518-01F2-4F53-BB39-07585445E22C}.Release|Any CPU.Build.0 = Release|Any CPU
	EndGlobalSection
	GlobalSection(SolutionProperties) = preSolution
		HideSolutionNode = FALSE
	EndGlobalSection
	GlobalSection(ExtensibilityGlobals) = postSolution
		SolutionGuid = {014DC209-EC5E-422D-A93B-BE58ECD948E7}
	EndGlobalSection
EndGlobal
